
Microsoft Visual Studio Solution File, Format Version 12.00
# Visual Studio 15
VisualStudioVersion = 15.0.26403.7
MinimumVisualStudioVersion = 10.0.40219.1
Project("{8BC9CEB8-8B4A-11D0-8D11-00A0C91BC942}") = "Parser", "Parser\Parser.vcxproj", "{4C69D45D-9DC3-4F00-9677-836578F413B9}"
EndProject
Project("{8BC9CEB8-8B4A-11D0-8D11-00A0C91BC942}") = "Publicador", "Publicador\Publicador.vcxproj", "{46D7DA8E-D2C4-4C24-AA14-9618FBBB1686}"
EndProject
Project("{8BC9CEB8-8B4A-11D0-8D11-00A0C91BC942}") = "Generador", "Generador\Generador.vcxproj", "{143E2977-123C-45A2-AE3F-5406F1A1F5C9}"
EndProject
Project("{8BC9CEB8-8B4A-11D0-8D11-00A0C91BC942}") = "AST", "AST\AST.vcxproj", "{DEB7B922-5957-4836-8530-743FE8779F71}"
EndProject
Project("{8BC9CEB8-8B4A-11D0-8D11-00A0C91BC942}") = "testing", "testing\testing.vcxproj", "{B038E00B-1471-4524-95BB-AA9963E0E360}"
EndProject
Global
	GlobalSection(SolutionConfigurationPlatforms) = preSolution
		Debug_VS2010|x64 = Debug_VS2010|x64
		Debug_VS2010|x86 = Debug_VS2010|x86
		Debug|x64 = Debug|x64
		Debug|x86 = Debug|x86
		Release|x64 = Release|x64
		Release|x86 = Release|x86
	EndGlobalSection
	GlobalSection(ProjectConfigurationPlatforms) = postSolution
		{4C69D45D-9DC3-4F00-9677-836578F413B9}.Debug_VS2010|x64.ActiveCfg = Debug_VS2010|x64
		{4C69D45D-9DC3-4F00-9677-836578F413B9}.Debug_VS2010|x64.Build.0 = Debug_VS2010|x64
		{4C69D45D-9DC3-4F00-9677-836578F413B9}.Debug_VS2010|x86.ActiveCfg = Debug_VS2010|Win32
		{4C69D45D-9DC3-4F00-9677-836578F413B9}.Debug_VS2010|x86.Build.0 = Debug_VS2010|Win32
		{4C69D45D-9DC3-4F00-9677-836578F413B9}.Debug|x64.ActiveCfg = Debug|x64
		{4C69D45D-9DC3-4F00-9677-836578F413B9}.Debug|x64.Build.0 = Debug|x64
		{4C69D45D-9DC3-4F00-9677-836578F413B9}.Debug|x86.ActiveCfg = Debug|Win32
		{4C69D45D-9DC3-4F00-9677-836578F413B9}.Debug|x86.Build.0 = Debug|Win32
		{4C69D45D-9DC3-4F00-9677-836578F413B9}.Release|x64.ActiveCfg = Release|x64
		{4C69D45D-9DC3-4F00-9677-836578F413B9}.Release|x64.Build.0 = Release|x64
		{4C69D45D-9DC3-4F00-9677-836578F413B9}.Release|x86.ActiveCfg = Release|Win32
		{4C69D45D-9DC3-4F00-9677-836578F413B9}.Release|x86.Build.0 = Release|Win32
		{46D7DA8E-D2C4-4C24-AA14-9618FBBB1686}.Debug_VS2010|x64.ActiveCfg = Debug_VS2010|x64
		{46D7DA8E-D2C4-4C24-AA14-9618FBBB1686}.Debug_VS2010|x64.Build.0 = Debug_VS2010|x64
		{46D7DA8E-D2C4-4C24-AA14-9618FBBB1686}.Debug_VS2010|x86.ActiveCfg = Debug_VS2010|Win32
		{46D7DA8E-D2C4-4C24-AA14-9618FBBB1686}.Debug_VS2010|x86.Build.0 = Debug_VS2010|Win32
		{46D7DA8E-D2C4-4C24-AA14-9618FBBB1686}.Debug|x64.ActiveCfg = Debug|x64
		{46D7DA8E-D2C4-4C24-AA14-9618FBBB1686}.Debug|x64.Build.0 = Debug|x64
		{46D7DA8E-D2C4-4C24-AA14-9618FBBB1686}.Debug|x86.ActiveCfg = Debug|Win32
		{46D7DA8E-D2C4-4C24-AA14-9618FBBB1686}.Debug|x86.Build.0 = Debug|Win32
		{46D7DA8E-D2C4-4C24-AA14-9618FBBB1686}.Release|x64.ActiveCfg = Release|x64
		{46D7DA8E-D2C4-4C24-AA14-9618FBBB1686}.Release|x64.Build.0 = Release|x64
		{46D7DA8E-D2C4-4C24-AA14-9618FBBB1686}.Release|x86.ActiveCfg = Release|Win32
		{46D7DA8E-D2C4-4C24-AA14-9618FBBB1686}.Release|x86.Build.0 = Release|Win32
		{143E2977-123C-45A2-AE3F-5406F1A1F5C9}.Debug_VS2010|x64.ActiveCfg = Debug_VS2010|x64
		{143E2977-123C-45A2-AE3F-5406F1A1F5C9}.Debug_VS2010|x64.Build.0 = Debug_VS2010|x64
		{143E2977-123C-45A2-AE3F-5406F1A1F5C9}.Debug_VS2010|x86.ActiveCfg = Debug_VS2010|Win32
		{143E2977-123C-45A2-AE3F-5406F1A1F5C9}.Debug_VS2010|x86.Build.0 = Debug_VS2010|Win32
		{143E2977-123C-45A2-AE3F-5406F1A1F5C9}.Debug|x64.ActiveCfg = Debug|x64
		{143E2977-123C-45A2-AE3F-5406F1A1F5C9}.Debug|x64.Build.0 = Debug|x64
		{143E2977-123C-45A2-AE3F-5406F1A1F5C9}.Debug|x86.ActiveCfg = Debug|Win32
		{143E2977-123C-45A2-AE3F-5406F1A1F5C9}.Debug|x86.Build.0 = Debug|Win32
		{143E2977-123C-45A2-AE3F-5406F1A1F5C9}.Release|x64.ActiveCfg = Release|x64
		{143E2977-123C-45A2-AE3F-5406F1A1F5C9}.Release|x64.Build.0 = Release|x64
		{143E2977-123C-45A2-AE3F-5406F1A1F5C9}.Release|x86.ActiveCfg = Release|Win32
		{143E2977-123C-45A2-AE3F-5406F1A1F5C9}.Release|x86.Build.0 = Release|Win32
		{DEB7B922-5957-4836-8530-743FE8779F71}.Debug_VS2010|x64.ActiveCfg = Debug_VS2010|x64
		{DEB7B922-5957-4836-8530-743FE8779F71}.Debug_VS2010|x64.Build.0 = Debug_VS2010|x64
		{DEB7B922-5957-4836-8530-743FE8779F71}.Debug_VS2010|x86.ActiveCfg = Debug_VS2010|Win32
		{DEB7B922-5957-4836-8530-743FE8779F71}.Debug_VS2010|x86.Build.0 = Debug_VS2010|Win32
		{DEB7B922-5957-4836-8530-743FE8779F71}.Debug|x64.ActiveCfg = Debug|x64
		{DEB7B922-5957-4836-8530-743FE8779F71}.Debug|x64.Build.0 = Debug|x64
		{DEB7B922-5957-4836-8530-743FE8779F71}.Debug|x86.ActiveCfg = Debug|Win32
		{DEB7B922-5957-4836-8530-743FE8779F71}.Debug|x86.Build.0 = Debug|Win32
		{DEB7B922-5957-4836-8530-743FE8779F71}.Release|x64.ActiveCfg = Release|x64
		{DEB7B922-5957-4836-8530-743FE8779F71}.Release|x64.Build.0 = Release|x64
		{DEB7B922-5957-4836-8530-743FE8779F71}.Release|x86.ActiveCfg = Release|Win32
		{DEB7B922-5957-4836-8530-743FE8779F71}.Release|x86.Build.0 = Release|Win32
		{B038E00B-1471-4524-95BB-AA9963E0E360}.Debug_VS2010|x64.ActiveCfg = Debug_VS2010|x64
		{B038E00B-1471-4524-95BB-AA9963E0E360}.Debug_VS2010|x64.Build.0 = Debug_VS2010|x64
		{B038E00B-1471-4524-95BB-AA9963E0E360}.Debug_VS2010|x86.ActiveCfg = Debug_VS2010|Win32
		{B038E00B-1471-4524-95BB-AA9963E0E360}.Debug_VS2010|x86.Build.0 = Debug_VS2010|Win32
		{B038E00B-1471-4524-95BB-AA9963E0E360}.Debug|x64.ActiveCfg = Debug|x64
		{B038E00B-1471-4524-95BB-AA9963E0E360}.Debug|x64.Build.0 = Debug|x64
		{B038E00B-1471-4524-95BB-AA9963E0E360}.Debug|x86.ActiveCfg = Debug|Win32
		{B038E00B-1471-4524-95BB-AA9963E0E360}.Debug|x86.Build.0 = Debug|Win32
		{B038E00B-1471-4524-95BB-AA9963E0E360}.Release|x64.ActiveCfg = Release|x64
		{B038E00B-1471-4524-95BB-AA9963E0E360}.Release|x64.Build.0 = Release|x64
		{B038E00B-1471-4524-95BB-AA9963E0E360}.Release|x86.ActiveCfg = Release|Win32
		{B038E00B-1471-4524-95BB-AA9963E0E360}.Release|x86.Build.0 = Release|Win32
	EndGlobalSection
	GlobalSection(SolutionProperties) = preSolution
		HideSolutionNode = FALSE
	EndGlobalSection
EndGlobal
